
Microsoft Visual Studio Solution File, Format Version 12.00
Project("{FAE04EC0-301F-11D3-BF4B-00C04F79EFBC}") = "c-sharp.nasavasa.ru", "c-sharp.nasavasa.ru.csproj", "{BEF87747-D09B-4186-AB2B-1DB3E6100FFB}"
EndProject
Global
	GlobalSection(SolutionConfigurationPlatforms) = preSolution
		Debug|Any CPU = Debug|Any CPU
		Release|Any CPU = Release|Any CPU
	EndGlobalSection
	GlobalSection(ProjectConfigurationPlatforms) = postSolution
		{BEF87747-D09B-4186-AB2B-1DB3E6100FFB}.Debug|Any CPU.ActiveCfg = Debug|Any CPU
		{BEF87747-D09B-4186-AB2B-1DB3E6100FFB}.Debug|Any CPU.Build.0 = Debug|Any CPU
		{BEF87747-D09B-4186-AB2B-1DB3E6100FFB}.Release|Any CPU.ActiveCfg = Release|Any CPU
		{BEF87747-D09B-4186-AB2B-1DB3E6100FFB}.Release|Any CPU.Build.0 = Release|Any CPU
	EndGlobalSection
EndGlobal
